
Microsoft Visual Studio Solution File, Format Version 12.00
# Visual Studio Version 16
VisualStudioVersion = 16.0.29025.244
MinimumVisualStudioVersion = 10.0.40219.1
Project("{FAE04EC0-301F-11D3-BF4B-00C04F79EFBC}") = "SalesWEBMVC", "SalesWEBMVC\SalesWEBMVC.csproj", "{FDFD4091-4B88-40B0-BD1A-ABCD4F14F5D8}"
EndProject
Global
	GlobalSection(SolutionConfigurationPlatforms) = preSolution
		Debug|Any CPU = Debug|Any CPU
		Release|Any CPU = Release|Any CPU
	EndGlobalSection
	GlobalSection(ProjectConfigurationPlatforms) = postSolution
		{FDFD4091-4B88-40B0-BD1A-ABCD4F14F5D8}.Debug|Any CPU.ActiveCfg = Debug|Any CPU
		{FDFD4091-4B88-40B0-BD1A-ABCD4F14F5D8}.Debug|Any CPU.Build.0 = Debug|Any CPU
		{FDFD4091-4B88-40B0-BD1A-ABCD4F14F5D8}.Release|Any CPU.ActiveCfg = Release|Any CPU
		{FDFD4091-4B88-40B0-BD1A-ABCD4F14F5D8}.Release|Any CPU.Build.0 = Release|Any CPU
	EndGlobalSection
	GlobalSection(SolutionProperties) = preSolution
		HideSolutionNode = FALSE
	EndGlobalSection
	GlobalSection(ExtensibilityGlobals) = postSolution
		SolutionGuid = {40B628EC-9E2D-48E7-980F-A2B7E6E80A61}
	EndGlobalSection
EndGlobal
